
Microsoft Visual Studio Solution File, Format Version 12.00
# Visual Studio Version 17
VisualStudioVersion = 17.10.35013.160
MinimumVisualStudioVersion = 10.0.40219.1
Project("{FAE04EC0-301F-11D3-BF4B-00C04F79EFBC}") = "Railway", "Railway\Railway.csproj", "{B365C0DC-6CA8-4768-AEEA-03EEA71D685A}"
EndProject
Project("{2150E333-8FDC-42A3-9474-1A3956D46DE8}") = "Solution Items", "Solution Items", "{A6D7FE8B-7B18-49C6-B070-6724BED6D6A0}"
	ProjectSection(SolutionItems) = preProject
		railway.toml = railway.toml
	EndProjectSection
EndProject
Global
	GlobalSection(SolutionConfigurationPlatforms) = preSolution
		Debug|Any CPU = Debug|Any CPU
		Release|Any CPU = Release|Any CPU
	EndGlobalSection
	GlobalSection(ProjectConfigurationPlatforms) = postSolution
		{B365C0DC-6CA8-4768-AEEA-03EEA71D685A}.Debug|Any CPU.ActiveCfg = Debug|Any CPU
		{B365C0DC-6CA8-4768-AEEA-03EEA71D685A}.Debug|Any CPU.Build.0 = Debug|Any CPU
		{B365C0DC-6CA8-4768-AEEA-03EEA71D685A}.Release|Any CPU.ActiveCfg = Release|Any CPU
		{B365C0DC-6CA8-4768-AEEA-03EEA71D685A}.Release|Any CPU.Build.0 = Release|Any CPU
	EndGlobalSection
	GlobalSection(SolutionProperties) = preSolution
		HideSolutionNode = FALSE
	EndGlobalSection
	GlobalSection(ExtensibilityGlobals) = postSolution
		SolutionGuid = {28F0A0A4-031D-41B6-99A8-89F14C5FB7F0}
	EndGlobalSection
EndGlobal
